// !$*UTF8*$!
{
	archiveVersion = 1;
	classes = {
	};
	objectVersion = 50;
	objects = {

/* Begin PBXBuildFile section */
		018812EC168B7AC8C765EF97 /* Pods_BeerProject_.framework in Frameworks */ = {isa = PBXBuildFile; fileRef = 9E8B6A5455680D4481178440 /* Pods_BeerProject_.framework */; };
		4697F561A2CA3FB637796FA3 /* Pods_BeerProject_Tests.framework in Frameworks */ = {isa = PBXBuildFile; fileRef = 6E5A7C4E4AA54B10A982F71E /* Pods_BeerProject_Tests.framework */; };
		486B5B8FF95E032481AC2BB6 /* Pods_BeerProject_UITests.framework in Frameworks */ = {isa = PBXBuildFile; fileRef = BAF2E838BAFB2C181E2B03A9 /* Pods_BeerProject_UITests.framework */; };
		72C6F2FB22DF457500B93CFB /* BeerListViewController.swift in Sources */ = {isa = PBXBuildFile; fileRef = 72C6F2FA22DF457500B93CFB /* BeerListViewController.swift */; };
		72C6F2FD22DF457F00B93CFB /* SingleBeerViewController.swift in Sources */ = {isa = PBXBuildFile; fileRef = 72C6F2FC22DF457F00B93CFB /* SingleBeerViewController.swift */; };
		72C6F2FF22DF458900B93CFB /* RandomBeerViewController.swift in Sources */ = {isa = PBXBuildFile; fileRef = 72C6F2FE22DF458900B93CFB /* RandomBeerViewController.swift */; };
		72C6F30122DF4EDE00B93CFB /* BeerListCell.swift in Sources */ = {isa = PBXBuildFile; fileRef = 72C6F30022DF4EDE00B93CFB /* BeerListCell.swift */; };
		996C681122DEF4EC00DBF99E /* AppDelegate.swift in Sources */ = {isa = PBXBuildFile; fileRef = 996C681022DEF4EC00DBF99E /* AppDelegate.swift */; };
		996C681622DEF4EC00DBF99E /* Main.storyboard in Resources */ = {isa = PBXBuildFile; fileRef = 996C681422DEF4EC00DBF99E /* Main.storyboard */; };
		996C681822DEF4ED00DBF99E /* Assets.xcassets in Resources */ = {isa = PBXBuildFile; fileRef = 996C681722DEF4ED00DBF99E /* Assets.xcassets */; };
		996C681B22DEF4ED00DBF99E /* LaunchScreen.storyboard in Resources */ = {isa = PBXBuildFile; fileRef = 996C681922DEF4ED00DBF99E /* LaunchScreen.storyboard */; };
		996C682622DEF4EE00DBF99E /* BeerProject__Tests.swift in Sources */ = {isa = PBXBuildFile; fileRef = 996C682522DEF4EE00DBF99E /* BeerProject__Tests.swift */; };
		996C683122DEF4EE00DBF99E /* BeerProject__UITests.swift in Sources */ = {isa = PBXBuildFile; fileRef = 996C683022DEF4EE00DBF99E /* BeerProject__UITests.swift */; };
		996C684422DEFC2D00DBF99E /* MainViewController.swift in Sources */ = {isa = PBXBuildFile; fileRef = 996C684322DEFC2D00DBF99E /* MainViewController.swift */; };
/* End PBXBuildFile section */

/* Begin PBXContainerItemProxy section */
		996C682222DEF4EE00DBF99E /* PBXContainerItemProxy */ = {
			isa = PBXContainerItemProxy;
			containerPortal = 996C680522DEF4EC00DBF99E /* Project object */;
			proxyType = 1;
			remoteGlobalIDString = 996C680C22DEF4EC00DBF99E;
			remoteInfo = "BeerProject🍺";
		};
		996C682D22DEF4EE00DBF99E /* PBXContainerItemProxy */ = {
			isa = PBXContainerItemProxy;
			containerPortal = 996C680522DEF4EC00DBF99E /* Project object */;
			proxyType = 1;
			remoteGlobalIDString = 996C680C22DEF4EC00DBF99E;
			remoteInfo = "BeerProject🍺";
		};
/* End PBXContainerItemProxy section */

/* Begin PBXFileReference section */
		283672AC59BA29C87894911A /* Pods-BeerProject🍺UITests.debug.xcconfig */ = {isa = PBXFileReference; includeInIndex = 1; lastKnownFileType = text.xcconfig; name = "Pods-BeerProject🍺UITests.debug.xcconfig"; path = "Pods/Target Support Files/Pods-BeerProject🍺UITests/Pods-BeerProject🍺UITests.debug.xcconfig"; sourceTree = "<group>"; };
		693D0ABCC126025DE6B1A6DF /* Pods-BeerProject🍺Tests.debug.xcconfig */ = {isa = PBXFileReference; includeInIndex = 1; lastKnownFileType = text.xcconfig; name = "Pods-BeerProject🍺Tests.debug.xcconfig"; path = "Pods/Target Support Files/Pods-BeerProject🍺Tests/Pods-BeerProject🍺Tests.debug.xcconfig"; sourceTree = "<group>"; };
		6E5A7C4E4AA54B10A982F71E /* Pods_BeerProject_Tests.framework */ = {isa = PBXFileReference; explicitFileType = wrapper.framework; includeInIndex = 0; path = Pods_BeerProject_Tests.framework; sourceTree = BUILT_PRODUCTS_DIR; };
		72C6F2FA22DF457500B93CFB /* BeerListViewController.swift */ = {isa = PBXFileReference; lastKnownFileType = sourcecode.swift; path = BeerListViewController.swift; sourceTree = "<group>"; };
		72C6F2FC22DF457F00B93CFB /* SingleBeerViewController.swift */ = {isa = PBXFileReference; lastKnownFileType = sourcecode.swift; path = SingleBeerViewController.swift; sourceTree = "<group>"; };
		72C6F2FE22DF458900B93CFB /* RandomBeerViewController.swift */ = {isa = PBXFileReference; lastKnownFileType = sourcecode.swift; path = RandomBeerViewController.swift; sourceTree = "<group>"; };
		72C6F30022DF4EDE00B93CFB /* BeerListCell.swift */ = {isa = PBXFileReference; lastKnownFileType = sourcecode.swift; path = BeerListCell.swift; sourceTree = "<group>"; };
		84358A277261EA76DAF5F588 /* Pods-BeerProject🍺.debug.xcconfig */ = {isa = PBXFileReference; includeInIndex = 1; lastKnownFileType = text.xcconfig; name = "Pods-BeerProject🍺.debug.xcconfig"; path = "Pods/Target Support Files/Pods-BeerProject🍺/Pods-BeerProject🍺.debug.xcconfig"; sourceTree = "<group>"; };
		9675E63744DA2089E95862A8 /* Pods-BeerProject🍺.release.xcconfig */ = {isa = PBXFileReference; includeInIndex = 1; lastKnownFileType = text.xcconfig; name = "Pods-BeerProject🍺.release.xcconfig"; path = "Pods/Target Support Files/Pods-BeerProject🍺/Pods-BeerProject🍺.release.xcconfig"; sourceTree = "<group>"; };
		996C680D22DEF4EC00DBF99E /* BeerProject🍺.app */ = {isa = PBXFileReference; explicitFileType = wrapper.application; includeInIndex = 0; path = "BeerProject🍺.app"; sourceTree = BUILT_PRODUCTS_DIR; };
		996C681022DEF4EC00DBF99E /* AppDelegate.swift */ = {isa = PBXFileReference; lastKnownFileType = sourcecode.swift; path = AppDelegate.swift; sourceTree = "<group>"; };
		996C681522DEF4EC00DBF99E /* Base */ = {isa = PBXFileReference; lastKnownFileType = file.storyboard; name = Base; path = Base.lproj/Main.storyboard; sourceTree = "<group>"; };
		996C681722DEF4ED00DBF99E /* Assets.xcassets */ = {isa = PBXFileReference; lastKnownFileType = folder.assetcatalog; path = Assets.xcassets; sourceTree = "<group>"; };
		996C681A22DEF4ED00DBF99E /* Base */ = {isa = PBXFileReference; lastKnownFileType = file.storyboard; name = Base; path = Base.lproj/LaunchScreen.storyboard; sourceTree = "<group>"; };
		996C681C22DEF4ED00DBF99E /* Info.plist */ = {isa = PBXFileReference; lastKnownFileType = text.plist.xml; path = Info.plist; sourceTree = "<group>"; };
		996C682122DEF4EE00DBF99E /* BeerProject🍺Tests.xctest */ = {isa = PBXFileReference; explicitFileType = wrapper.cfbundle; includeInIndex = 0; path = "BeerProject🍺Tests.xctest"; sourceTree = BUILT_PRODUCTS_DIR; };
		996C682522DEF4EE00DBF99E /* BeerProject__Tests.swift */ = {isa = PBXFileReference; lastKnownFileType = sourcecode.swift; path = BeerProject__Tests.swift; sourceTree = "<group>"; };
		996C682722DEF4EE00DBF99E /* Info.plist */ = {isa = PBXFileReference; lastKnownFileType = text.plist.xml; path = Info.plist; sourceTree = "<group>"; };
		996C682C22DEF4EE00DBF99E /* BeerProject🍺UITests.xctest */ = {isa = PBXFileReference; explicitFileType = wrapper.cfbundle; includeInIndex = 0; path = "BeerProject🍺UITests.xctest"; sourceTree = BUILT_PRODUCTS_DIR; };
		996C683022DEF4EE00DBF99E /* BeerProject__UITests.swift */ = {isa = PBXFileReference; lastKnownFileType = sourcecode.swift; path = BeerProject__UITests.swift; sourceTree = "<group>"; };
		996C683222DEF4EE00DBF99E /* Info.plist */ = {isa = PBXFileReference; lastKnownFileType = text.plist.xml; path = Info.plist; sourceTree = "<group>"; };
		996C684322DEFC2D00DBF99E /* MainViewController.swift */ = {isa = PBXFileReference; lastKnownFileType = sourcecode.swift; path = MainViewController.swift; sourceTree = "<group>"; };
		9E8B6A5455680D4481178440 /* Pods_BeerProject_.framework */ = {isa = PBXFileReference; explicitFileType = wrapper.framework; includeInIndex = 0; path = Pods_BeerProject_.framework; sourceTree = BUILT_PRODUCTS_DIR; };
		B5E2643D6B004F51933EE6BF /* Pods-BeerProject🍺Tests.release.xcconfig */ = {isa = PBXFileReference; includeInIndex = 1; lastKnownFileType = text.xcconfig; name = "Pods-BeerProject🍺Tests.release.xcconfig"; path = "Pods/Target Support Files/Pods-BeerProject🍺Tests/Pods-BeerProject🍺Tests.release.xcconfig"; sourceTree = "<group>"; };
		BAF2E838BAFB2C181E2B03A9 /* Pods_BeerProject_UITests.framework */ = {isa = PBXFileReference; explicitFileType = wrapper.framework; includeInIndex = 0; path = Pods_BeerProject_UITests.framework; sourceTree = BUILT_PRODUCTS_DIR; };
		DEE571DFC499A08604782E7E /* Pods-BeerProject🍺UITests.release.xcconfig */ = {isa = PBXFileReference; includeInIndex = 1; lastKnownFileType = text.xcconfig; name = "Pods-BeerProject🍺UITests.release.xcconfig"; path = "Pods/Target Support Files/Pods-BeerProject🍺UITests/Pods-BeerProject🍺UITests.release.xcconfig"; sourceTree = "<group>"; };
/* End PBXFileReference section */

/* Begin PBXFrameworksBuildPhase section */
		996C680A22DEF4EC00DBF99E /* Frameworks */ = {
			isa = PBXFrameworksBuildPhase;
			buildActionMask = 2147483647;
			files = (
				018812EC168B7AC8C765EF97 /* Pods_BeerProject_.framework in Frameworks */,
			);
			runOnlyForDeploymentPostprocessing = 0;
		};
		996C681E22DEF4EE00DBF99E /* Frameworks */ = {
			isa = PBXFrameworksBuildPhase;
			buildActionMask = 2147483647;
			files = (
				4697F561A2CA3FB637796FA3 /* Pods_BeerProject_Tests.framework in Frameworks */,
			);
			runOnlyForDeploymentPostprocessing = 0;
		};
		996C682922DEF4EE00DBF99E /* Frameworks */ = {
			isa = PBXFrameworksBuildPhase;
			buildActionMask = 2147483647;
			files = (
				486B5B8FF95E032481AC2BB6 /* Pods_BeerProject_UITests.framework in Frameworks */,
			);
			runOnlyForDeploymentPostprocessing = 0;
		};
/* End PBXFrameworksBuildPhase section */

/* Begin PBXGroup section */
		72C6F2F722DF454B00B93CFB /* BeerList */ = {
			isa = PBXGroup;
			children = (
				72C6F2FA22DF457500B93CFB /* BeerListViewController.swift */,
				72C6F30022DF4EDE00B93CFB /* BeerListCell.swift */,
			);
			name = BeerList;
			sourceTree = "<group>";
		};
		72C6F2F822DF455300B93CFB /* SingleBeer */ = {
			isa = PBXGroup;
			children = (
				72C6F2FC22DF457F00B93CFB /* SingleBeerViewController.swift */,
			);
			name = SingleBeer;
			sourceTree = "<group>";
		};
		72C6F2F922DF455900B93CFB /* RandomBeer */ = {
			isa = PBXGroup;
			children = (
				72C6F2FE22DF458900B93CFB /* RandomBeerViewController.swift */,
			);
			name = RandomBeer;
			sourceTree = "<group>";
		};
		890C52FB61FC9ED380F4986A /* Frameworks */ = {
			isa = PBXGroup;
			children = (
				9E8B6A5455680D4481178440 /* Pods_BeerProject_.framework */,
				6E5A7C4E4AA54B10A982F71E /* Pods_BeerProject_Tests.framework */,
				BAF2E838BAFB2C181E2B03A9 /* Pods_BeerProject_UITests.framework */,
			);
			name = Frameworks;
			sourceTree = "<group>";
		};
		8DBD60DD2343789BFEDCFDDE /* Pods */ = {
			isa = PBXGroup;
			children = (
				84358A277261EA76DAF5F588 /* Pods-BeerProject🍺.debug.xcconfig */,
				9675E63744DA2089E95862A8 /* Pods-BeerProject🍺.release.xcconfig */,
				693D0ABCC126025DE6B1A6DF /* Pods-BeerProject🍺Tests.debug.xcconfig */,
				B5E2643D6B004F51933EE6BF /* Pods-BeerProject🍺Tests.release.xcconfig */,
				283672AC59BA29C87894911A /* Pods-BeerProject🍺UITests.debug.xcconfig */,
				DEE571DFC499A08604782E7E /* Pods-BeerProject🍺UITests.release.xcconfig */,
			);
			name = Pods;
			sourceTree = "<group>";
		};
		996C680422DEF4EC00DBF99E = {
			isa = PBXGroup;
			children = (
				996C680F22DEF4EC00DBF99E /* BeerProject🍺 */,
				996C682422DEF4EE00DBF99E /* BeerProject🍺Tests */,
				996C682F22DEF4EE00DBF99E /* BeerProject🍺UITests */,
				996C680E22DEF4EC00DBF99E /* Products */,
				8DBD60DD2343789BFEDCFDDE /* Pods */,
				890C52FB61FC9ED380F4986A /* Frameworks */,
			);
			sourceTree = "<group>";
		};
		996C680E22DEF4EC00DBF99E /* Products */ = {
			isa = PBXGroup;
			children = (
				996C680D22DEF4EC00DBF99E /* BeerProject🍺.app */,
				996C682122DEF4EE00DBF99E /* BeerProject🍺Tests.xctest */,
				996C682C22DEF4EE00DBF99E /* BeerProject🍺UITests.xctest */,
			);
			name = Products;
			sourceTree = "<group>";
		};
		996C680F22DEF4EC00DBF99E /* BeerProject🍺 */ = {
			isa = PBXGroup;
			children = (
				996C681C22DEF4ED00DBF99E /* Info.plist */,
				996C683E22DEF65700DBF99E /* Resources */,
				996C683F22DEF70A00DBF99E /* Sources */,
			);
			path = "BeerProject🍺";
			sourceTree = "<group>";
		};
		996C682422DEF4EE00DBF99E /* BeerProject🍺Tests */ = {
			isa = PBXGroup;
			children = (
				996C682522DEF4EE00DBF99E /* BeerProject__Tests.swift */,
				996C682722DEF4EE00DBF99E /* Info.plist */,
			);
			path = "BeerProject🍺Tests";
			sourceTree = "<group>";
		};
		996C682F22DEF4EE00DBF99E /* BeerProject🍺UITests */ = {
			isa = PBXGroup;
			children = (
				996C683022DEF4EE00DBF99E /* BeerProject__UITests.swift */,
				996C683222DEF4EE00DBF99E /* Info.plist */,
			);
			path = "BeerProject🍺UITests";
			sourceTree = "<group>";
		};
		996C683E22DEF65700DBF99E /* Resources */ = {
			isa = PBXGroup;
			children = (
				996C681722DEF4ED00DBF99E /* Assets.xcassets */,
				996C681922DEF4ED00DBF99E /* LaunchScreen.storyboard */,
				996C681422DEF4EC00DBF99E /* Main.storyboard */,
			);
			name = Resources;
			sourceTree = "<group>";
		};
		996C683F22DEF70A00DBF99E /* Sources */ = {
			isa = PBXGroup;
			children = (
				996C681022DEF4EC00DBF99E /* AppDelegate.swift */,
				996C684222DEF72800DBF99E /* Presentation */,
				996C684122DEF72200DBF99E /* Network */,
				996C684022DEF71E00DBF99E /* Moya */,
			);
			name = Sources;
			sourceTree = "<group>";
		};
		996C684022DEF71E00DBF99E /* Moya */ = {
			isa = PBXGroup;
			children = (
			);
			name = Moya;
			sourceTree = "<group>";
		};
		996C684122DEF72200DBF99E /* Network */ = {
			isa = PBXGroup;
			children = (
			);
			name = Network;
			sourceTree = "<group>";
		};
		996C684222DEF72800DBF99E /* Presentation */ = {
			isa = PBXGroup;
			children = (
				996C684322DEFC2D00DBF99E /* MainViewController.swift */,
				72C6F2F722DF454B00B93CFB /* BeerList */,
				72C6F2F822DF455300B93CFB /* SingleBeer */,
				72C6F2F922DF455900B93CFB /* RandomBeer */,
			);
			name = Presentation;
			sourceTree = "<group>";
		};
/* End PBXGroup section */

/* Begin PBXNativeTarget section */
		996C680C22DEF4EC00DBF99E /* BeerProject🍺 */ = {
			isa = PBXNativeTarget;
			buildConfigurationList = 996C683522DEF4EE00DBF99E /* Build configuration list for PBXNativeTarget "BeerProject🍺" */;
			buildPhases = (
				65FCAF17112BA32B51755739 /* [CP] Check Pods Manifest.lock */,
				996C680922DEF4EC00DBF99E /* Sources */,
				996C680A22DEF4EC00DBF99E /* Frameworks */,
				996C680B22DEF4EC00DBF99E /* Resources */,
				05C645D35D5D5C4F4CB88EBD /* [CP] Embed Pods Frameworks */,
			);
			buildRules = (
			);
			dependencies = (
			);
			name = "BeerProject🍺";
			productName = "BeerProject🍺";
			productReference = 996C680D22DEF4EC00DBF99E /* BeerProject🍺.app */;
			productType = "com.apple.product-type.application";
		};
		996C682022DEF4EE00DBF99E /* BeerProject🍺Tests */ = {
			isa = PBXNativeTarget;
			buildConfigurationList = 996C683822DEF4EE00DBF99E /* Build configuration list for PBXNativeTarget "BeerProject🍺Tests" */;
			buildPhases = (
				49295C2B4CF3FC3C75B58BB1 /* [CP] Check Pods Manifest.lock */,
				996C681D22DEF4EE00DBF99E /* Sources */,
				996C681E22DEF4EE00DBF99E /* Frameworks */,
				996C681F22DEF4EE00DBF99E /* Resources */,
			);
			buildRules = (
			);
			dependencies = (
				996C682322DEF4EE00DBF99E /* PBXTargetDependency */,
			);
			name = "BeerProject🍺Tests";
			productName = "BeerProject🍺Tests";
			productReference = 996C682122DEF4EE00DBF99E /* BeerProject🍺Tests.xctest */;
			productType = "com.apple.product-type.bundle.unit-test";
		};
		996C682B22DEF4EE00DBF99E /* BeerProject🍺UITests */ = {
			isa = PBXNativeTarget;
			buildConfigurationList = 996C683B22DEF4EE00DBF99E /* Build configuration list for PBXNativeTarget "BeerProject🍺UITests" */;
			buildPhases = (
				E828BFD00A2A5ABBACD47E8E /* [CP] Check Pods Manifest.lock */,
				996C682822DEF4EE00DBF99E /* Sources */,
				996C682922DEF4EE00DBF99E /* Frameworks */,
				996C682A22DEF4EE00DBF99E /* Resources */,
			);
			buildRules = (
			);
			dependencies = (
				996C682E22DEF4EE00DBF99E /* PBXTargetDependency */,
			);
			name = "BeerProject🍺UITests";
			productName = "BeerProject🍺UITests";
			productReference = 996C682C22DEF4EE00DBF99E /* BeerProject🍺UITests.xctest */;
			productType = "com.apple.product-type.bundle.ui-testing";
		};
/* End PBXNativeTarget section */

/* Begin PBXProject section */
		996C680522DEF4EC00DBF99E /* Project object */ = {
			isa = PBXProject;
			attributes = {
				LastSwiftUpdateCheck = 1010;
				LastUpgradeCheck = 1010;
				ORGANIZATIONNAME = DEV_MOBILE_IOS_JUNIOR;
				TargetAttributes = {
					996C680C22DEF4EC00DBF99E = {
						CreatedOnToolsVersion = 10.1;
					};
					996C682022DEF4EE00DBF99E = {
						CreatedOnToolsVersion = 10.1;
						TestTargetID = 996C680C22DEF4EC00DBF99E;
					};
					996C682B22DEF4EE00DBF99E = {
						CreatedOnToolsVersion = 10.1;
						TestTargetID = 996C680C22DEF4EC00DBF99E;
					};
				};
			};
			buildConfigurationList = 996C680822DEF4EC00DBF99E /* Build configuration list for PBXProject "BeerProject🍺" */;
			compatibilityVersion = "Xcode 9.3";
			developmentRegion = en;
			hasScannedForEncodings = 0;
			knownRegions = (
				en,
				Base,
			);
			mainGroup = 996C680422DEF4EC00DBF99E;
			productRefGroup = 996C680E22DEF4EC00DBF99E /* Products */;
			projectDirPath = "";
			projectRoot = "";
			targets = (
				996C680C22DEF4EC00DBF99E /* BeerProject🍺 */,
				996C682022DEF4EE00DBF99E /* BeerProject🍺Tests */,
				996C682B22DEF4EE00DBF99E /* BeerProject🍺UITests */,
			);
		};
/* End PBXProject section */

/* Begin PBXResourcesBuildPhase section */
		996C680B22DEF4EC00DBF99E /* Resources */ = {
			isa = PBXResourcesBuildPhase;
			buildActionMask = 2147483647;
			files = (
				996C681B22DEF4ED00DBF99E /* LaunchScreen.storyboard in Resources */,
				996C681822DEF4ED00DBF99E /* Assets.xcassets in Resources */,
				996C681622DEF4EC00DBF99E /* Main.storyboard in Resources */,
			);
			runOnlyForDeploymentPostprocessing = 0;
		};
		996C681F22DEF4EE00DBF99E /* Resources */ = {
			isa = PBXResourcesBuildPhase;
			buildActionMask = 2147483647;
			files = (
			);
			runOnlyForDeploymentPostprocessing = 0;
		};
		996C682A22DEF4EE00DBF99E /* Resources */ = {
			isa = PBXResourcesBuildPhase;
			buildActionMask = 2147483647;
			files = (
			);
			runOnlyForDeploymentPostprocessing = 0;
		};
/* End PBXResourcesBuildPhase section */

/* Begin PBXShellScriptBuildPhase section */
		05C645D35D5D5C4F4CB88EBD /* [CP] Embed Pods Frameworks */ = {
			isa = PBXShellScriptBuildPhase;
			buildActionMask = 2147483647;
			files = (
			);
			inputPaths = (
				"${SRCROOT}/Pods/Target Support Files/Pods-BeerProject🍺/Pods-BeerProject🍺-frameworks.sh",
				"${BUILT_PRODUCTS_DIR}/Alamofire/Alamofire.framework",
				"${BUILT_PRODUCTS_DIR}/Differentiator/Differentiator.framework",
				"${BUILT_PRODUCTS_DIR}/Kingfisher/Kingfisher.framework",
				"${BUILT_PRODUCTS_DIR}/Moya/Moya.framework",
				"${BUILT_PRODUCTS_DIR}/Result/Result.framework",
				"${BUILT_PRODUCTS_DIR}/RxAppState/RxAppState.framework",
				"${BUILT_PRODUCTS_DIR}/RxAtomic/RxAtomic.framework",
				"${BUILT_PRODUCTS_DIR}/RxCocoa/RxCocoa.framework",
				"${BUILT_PRODUCTS_DIR}/RxDataSources/RxDataSources.framework",
				"${BUILT_PRODUCTS_DIR}/RxKeyboard/RxKeyboard.framework",
				"${BUILT_PRODUCTS_DIR}/RxOptional/RxOptional.framework",
				"${BUILT_PRODUCTS_DIR}/RxSwift/RxSwift.framework",
				"${BUILT_PRODUCTS_DIR}/SnapKit/SnapKit.framework",
				"${BUILT_PRODUCTS_DIR}/Then/Then.framework",
				"${BUILT_PRODUCTS_DIR}/Toaster/Toaster.framework",
			);
			name = "[CP] Embed Pods Frameworks";
			outputPaths = (
				"${TARGET_BUILD_DIR}/${FRAMEWORKS_FOLDER_PATH}/Alamofire.framework",
				"${TARGET_BUILD_DIR}/${FRAMEWORKS_FOLDER_PATH}/Differentiator.framework",
				"${TARGET_BUILD_DIR}/${FRAMEWORKS_FOLDER_PATH}/Kingfisher.framework",
				"${TARGET_BUILD_DIR}/${FRAMEWORKS_FOLDER_PATH}/Moya.framework",
				"${TARGET_BUILD_DIR}/${FRAMEWORKS_FOLDER_PATH}/Result.framework",
				"${TARGET_BUILD_DIR}/${FRAMEWORKS_FOLDER_PATH}/RxAppState.framework",
				"${TARGET_BUILD_DIR}/${FRAMEWORKS_FOLDER_PATH}/RxAtomic.framework",
				"${TARGET_BUILD_DIR}/${FRAMEWORKS_FOLDER_PATH}/RxCocoa.framework",
				"${TARGET_BUILD_DIR}/${FRAMEWORKS_FOLDER_PATH}/RxDataSources.framework",
				"${TARGET_BUILD_DIR}/${FRAMEWORKS_FOLDER_PATH}/RxKeyboard.framework",
				"${TARGET_BUILD_DIR}/${FRAMEWORKS_FOLDER_PATH}/RxOptional.framework",
				"${TARGET_BUILD_DIR}/${FRAMEWORKS_FOLDER_PATH}/RxSwift.framework",
				"${TARGET_BUILD_DIR}/${FRAMEWORKS_FOLDER_PATH}/SnapKit.framework",
				"${TARGET_BUILD_DIR}/${FRAMEWORKS_FOLDER_PATH}/Then.framework",
				"${TARGET_BUILD_DIR}/${FRAMEWORKS_FOLDER_PATH}/Toaster.framework",
			);
			runOnlyForDeploymentPostprocessing = 0;
			shellPath = /bin/sh;
			shellScript = "\"${SRCROOT}/Pods/Target Support Files/Pods-BeerProject🍺/Pods-BeerProject🍺-frameworks.sh\"\n";
			showEnvVarsInLog = 0;
		};
		49295C2B4CF3FC3C75B58BB1 /* [CP] Check Pods Manifest.lock */ = {
			isa = PBXShellScriptBuildPhase;
			buildActionMask = 2147483647;
			files = (
			);
			inputPaths = (
				"${PODS_PODFILE_DIR_PATH}/Podfile.lock",
				"${PODS_ROOT}/Manifest.lock",
			);
			name = "[CP] Check Pods Manifest.lock";
			outputPaths = (
				"$(DERIVED_FILE_DIR)/Pods-BeerProject🍺Tests-checkManifestLockResult.txt",
			);
			runOnlyForDeploymentPostprocessing = 0;
			shellPath = /bin/sh;
			shellScript = "diff \"${PODS_PODFILE_DIR_PATH}/Podfile.lock\" \"${PODS_ROOT}/Manifest.lock\" > /dev/null\nif [ $? != 0 ] ; then\n    # print error to STDERR\n    echo \"error: The sandbox is not in sync with the Podfile.lock. Run 'pod install' or update your CocoaPods installation.\" >&2\n    exit 1\nfi\n# This output is used by Xcode 'outputs' to avoid re-running this script phase.\necho \"SUCCESS\" > \"${SCRIPT_OUTPUT_FILE_0}\"\n";
			showEnvVarsInLog = 0;
		};
		65FCAF17112BA32B51755739 /* [CP] Check Pods Manifest.lock */ = {
			isa = PBXShellScriptBuildPhase;
			buildActionMask = 2147483647;
			files = (
			);
			inputPaths = (
				"${PODS_PODFILE_DIR_PATH}/Podfile.lock",
				"${PODS_ROOT}/Manifest.lock",
			);
			name = "[CP] Check Pods Manifest.lock";
			outputPaths = (
				"$(DERIVED_FILE_DIR)/Pods-BeerProject🍺-checkManifestLockResult.txt",
			);
			runOnlyForDeploymentPostprocessing = 0;
			shellPath = /bin/sh;
			shellScript = "diff \"${PODS_PODFILE_DIR_PATH}/Podfile.lock\" \"${PODS_ROOT}/Manifest.lock\" > /dev/null\nif [ $? != 0 ] ; then\n    # print error to STDERR\n    echo \"error: The sandbox is not in sync with the Podfile.lock. Run 'pod install' or update your CocoaPods installation.\" >&2\n    exit 1\nfi\n# This output is used by Xcode 'outputs' to avoid re-running this script phase.\necho \"SUCCESS\" > \"${SCRIPT_OUTPUT_FILE_0}\"\n";
			showEnvVarsInLog = 0;
		};
		E828BFD00A2A5ABBACD47E8E /* [CP] Check Pods Manifest.lock */ = {
			isa = PBXShellScriptBuildPhase;
			buildActionMask = 2147483647;
			files = (
			);
			inputPaths = (
				"${PODS_PODFILE_DIR_PATH}/Podfile.lock",
				"${PODS_ROOT}/Manifest.lock",
			);
			name = "[CP] Check Pods Manifest.lock";
			outputPaths = (
				"$(DERIVED_FILE_DIR)/Pods-BeerProject🍺UITests-checkManifestLockResult.txt",
			);
			runOnlyForDeploymentPostprocessing = 0;
			shellPath = /bin/sh;
			shellScript = "diff \"${PODS_PODFILE_DIR_PATH}/Podfile.lock\" \"${PODS_ROOT}/Manifest.lock\" > /dev/null\nif [ $? != 0 ] ; then\n    # print error to STDERR\n    echo \"error: The sandbox is not in sync with the Podfile.lock. Run 'pod install' or update your CocoaPods installation.\" >&2\n    exit 1\nfi\n# This output is used by Xcode 'outputs' to avoid re-running this script phase.\necho \"SUCCESS\" > \"${SCRIPT_OUTPUT_FILE_0}\"\n";
			showEnvVarsInLog = 0;
		};
/* End PBXShellScriptBuildPhase section */

/* Begin PBXSourcesBuildPhase section */
		996C680922DEF4EC00DBF99E /* Sources */ = {
			isa = PBXSourcesBuildPhase;
			buildActionMask = 2147483647;
			files = (
				72C6F2FD22DF457F00B93CFB /* SingleBeerViewController.swift in Sources */,
				72C6F2FF22DF458900B93CFB /* RandomBeerViewController.swift in Sources */,
				72C6F2FB22DF457500B93CFB /* BeerListViewController.swift in Sources */,
				996C684422DEFC2D00DBF99E /* MainViewController.swift in Sources */,
				996C681122DEF4EC00DBF99E /* AppDelegate.swift in Sources */,
				72C6F30122DF4EDE00B93CFB /* BeerListCell.swift in Sources */,
			);
			runOnlyForDeploymentPostprocessing = 0;
		};
		996C681D22DEF4EE00DBF99E /* Sources */ = {
			isa = PBXSourcesBuildPhase;
			buildActionMask = 2147483647;
			files = (
				996C682622DEF4EE00DBF99E /* BeerProject__Tests.swift in Sources */,
			);
			runOnlyForDeploymentPostprocessing = 0;
		};
		996C682822DEF4EE00DBF99E /* Sources */ = {
			isa = PBXSourcesBuildPhase;
			buildActionMask = 2147483647;
			files = (
				996C683122DEF4EE00DBF99E /* BeerProject__UITests.swift in Sources */,
			);
			runOnlyForDeploymentPostprocessing = 0;
		};
/* End PBXSourcesBuildPhase section */

/* Begin PBXTargetDependency section */
		996C682322DEF4EE00DBF99E /* PBXTargetDependency */ = {
			isa = PBXTargetDependency;
			target = 996C680C22DEF4EC00DBF99E /* BeerProject🍺 */;
			targetProxy = 996C682222DEF4EE00DBF99E /* PBXContainerItemProxy */;
		};
		996C682E22DEF4EE00DBF99E /* PBXTargetDependency */ = {
			isa = PBXTargetDependency;
			target = 996C680C22DEF4EC00DBF99E /* BeerProject🍺 */;
			targetProxy = 996C682D22DEF4EE00DBF99E /* PBXContainerItemProxy */;
		};
/* End PBXTargetDependency section */

/* Begin PBXVariantGroup section */
		996C681422DEF4EC00DBF99E /* Main.storyboard */ = {
			isa = PBXVariantGroup;
			children = (
				996C681522DEF4EC00DBF99E /* Base */,
			);
			name = Main.storyboard;
			sourceTree = "<group>";
		};
		996C681922DEF4ED00DBF99E /* LaunchScreen.storyboard */ = {
			isa = PBXVariantGroup;
			children = (
				996C681A22DEF4ED00DBF99E /* Base */,
			);
			name = LaunchScreen.storyboard;
			sourceTree = "<group>";
		};
/* End PBXVariantGroup section */

/* Begin XCBuildConfiguration section */
		996C683322DEF4EE00DBF99E /* Debug */ = {
			isa = XCBuildConfiguration;
			buildSettings = {
				ALWAYS_SEARCH_USER_PATHS = NO;
				CLANG_ANALYZER_NONNULL = YES;
				CLANG_ANALYZER_NUMBER_OBJECT_CONVERSION = YES_AGGRESSIVE;
				CLANG_CXX_LANGUAGE_STANDARD = "gnu++14";
				CLANG_CXX_LIBRARY = "libc++";
				CLANG_ENABLE_MODULES = YES;
				CLANG_ENABLE_OBJC_ARC = YES;
				CLANG_ENABLE_OBJC_WEAK = YES;
				CLANG_WARN_BLOCK_CAPTURE_AUTORELEASING = YES;
				CLANG_WARN_BOOL_CONVERSION = YES;
				CLANG_WARN_COMMA = YES;
				CLANG_WARN_CONSTANT_CONVERSION = YES;
				CLANG_WARN_DEPRECATED_OBJC_IMPLEMENTATIONS = YES;
				CLANG_WARN_DIRECT_OBJC_ISA_USAGE = YES_ERROR;
				CLANG_WARN_DOCUMENTATION_COMMENTS = YES;
				CLANG_WARN_EMPTY_BODY = YES;
				CLANG_WARN_ENUM_CONVERSION = YES;
				CLANG_WARN_INFINITE_RECURSION = YES;
				CLANG_WARN_INT_CONVERSION = YES;
				CLANG_WARN_NON_LITERAL_NULL_CONVERSION = YES;
				CLANG_WARN_OBJC_IMPLICIT_RETAIN_SELF = YES;
				CLANG_WARN_OBJC_LITERAL_CONVERSION = YES;
				CLANG_WARN_OBJC_ROOT_CLASS = YES_ERROR;
				CLANG_WARN_RANGE_LOOP_ANALYSIS = YES;
				CLANG_WARN_STRICT_PROTOTYPES = YES;
				CLANG_WARN_SUSPICIOUS_MOVE = YES;
				CLANG_WARN_UNGUARDED_AVAILABILITY = YES_AGGRESSIVE;
				CLANG_WARN_UNREACHABLE_CODE = YES;
				CLANG_WARN__DUPLICATE_METHOD_MATCH = YES;
				CODE_SIGN_IDENTITY = "iPhone Developer";
				COPY_PHASE_STRIP = NO;
				DEBUG_INFORMATION_FORMAT = dwarf;
				ENABLE_STRICT_OBJC_MSGSEND = YES;
				ENABLE_TESTABILITY = YES;
				GCC_C_LANGUAGE_STANDARD = gnu11;
				GCC_DYNAMIC_NO_PIC = NO;
				GCC_NO_COMMON_BLOCKS = YES;
				GCC_OPTIMIZATION_LEVEL = 0;
				GCC_PREPROCESSOR_DEFINITIONS = (
					"DEBUG=1",
					"$(inherited)",
				);
				GCC_WARN_64_TO_32_BIT_CONVERSION = YES;
				GCC_WARN_ABOUT_RETURN_TYPE = YES_ERROR;
				GCC_WARN_UNDECLARED_SELECTOR = YES;
				GCC_WARN_UNINITIALIZED_AUTOS = YES_AGGRESSIVE;
				GCC_WARN_UNUSED_FUNCTION = YES;
				GCC_WARN_UNUSED_VARIABLE = YES;
				IPHONEOS_DEPLOYMENT_TARGET = 11.0;
				MTL_ENABLE_DEBUG_INFO = INCLUDE_SOURCE;
				MTL_FAST_MATH = YES;
				ONLY_ACTIVE_ARCH = YES;
				SDKROOT = iphoneos;
				SWIFT_ACTIVE_COMPILATION_CONDITIONS = DEBUG;
				SWIFT_OPTIMIZATION_LEVEL = "-Onone";
			};
			name = Debug;
		};
		996C683422DEF4EE00DBF99E /* Release */ = {
			isa = XCBuildConfiguration;
			buildSettings = {
				ALWAYS_SEARCH_USER_PATHS = NO;
				CLANG_ANALYZER_NONNULL = YES;
				CLANG_ANALYZER_NUMBER_OBJECT_CONVERSION = YES_AGGRESSIVE;
				CLANG_CXX_LANGUAGE_STANDARD = "gnu++14";
				CLANG_CXX_LIBRARY = "libc++";
				CLANG_ENABLE_MODULES = YES;
				CLANG_ENABLE_OBJC_ARC = YES;
				CLANG_ENABLE_OBJC_WEAK = YES;
				CLANG_WARN_BLOCK_CAPTURE_AUTORELEASING = YES;
				CLANG_WARN_BOOL_CONVERSION = YES;
				CLANG_WARN_COMMA = YES;
				CLANG_WARN_CONSTANT_CONVERSION = YES;
				CLANG_WARN_DEPRECATED_OBJC_IMPLEMENTATIONS = YES;
				CLANG_WARN_DIRECT_OBJC_ISA_USAGE = YES_ERROR;
				CLANG_WARN_DOCUMENTATION_COMMENTS = YES;
				CLANG_WARN_EMPTY_BODY = YES;
				CLANG_WARN_ENUM_CONVERSION = YES;
				CLANG_WARN_INFINITE_RECURSION = YES;
				CLANG_WARN_INT_CONVERSION = YES;
				CLANG_WARN_NON_LITERAL_NULL_CONVERSION = YES;
				CLANG_WARN_OBJC_IMPLICIT_RETAIN_SELF = YES;
				CLANG_WARN_OBJC_LITERAL_CONVERSION = YES;
				CLANG_WARN_OBJC_ROOT_CLASS = YES_ERROR;
				CLANG_WARN_RANGE_LOOP_ANALYSIS = YES;
				CLANG_WARN_STRICT_PROTOTYPES = YES;
				CLANG_WARN_SUSPICIOUS_MOVE = YES;
				CLANG_WARN_UNGUARDED_AVAILABILITY = YES_AGGRESSIVE;
				CLANG_WARN_UNREACHABLE_CODE = YES;
				CLANG_WARN__DUPLICATE_METHOD_MATCH = YES;
				CODE_SIGN_IDENTITY = "iPhone Developer";
				COPY_PHASE_STRIP = NO;
				DEBUG_INFORMATION_FORMAT = "dwarf-with-dsym";
				ENABLE_NS_ASSERTIONS = NO;
				ENABLE_STRICT_OBJC_MSGSEND = YES;
				GCC_C_LANGUAGE_STANDARD = gnu11;
				GCC_NO_COMMON_BLOCKS = YES;
				GCC_WARN_64_TO_32_BIT_CONVERSION = YES;
				GCC_WARN_ABOUT_RETURN_TYPE = YES_ERROR;
				GCC_WARN_UNDECLARED_SELECTOR = YES;
				GCC_WARN_UNINITIALIZED_AUTOS = YES_AGGRESSIVE;
				GCC_WARN_UNUSED_FUNCTION = YES;
				GCC_WARN_UNUSED_VARIABLE = YES;
				IPHONEOS_DEPLOYMENT_TARGET = 11.0;
				MTL_ENABLE_DEBUG_INFO = NO;
				MTL_FAST_MATH = YES;
				SDKROOT = iphoneos;
				SWIFT_COMPILATION_MODE = wholemodule;
				SWIFT_OPTIMIZATION_LEVEL = "-O";
				VALIDATE_PRODUCT = YES;
			};
			name = Release;
		};
		996C683622DEF4EE00DBF99E /* Debug */ = {
			isa = XCBuildConfiguration;
			baseConfigurationReference = 84358A277261EA76DAF5F588 /* Pods-BeerProject🍺.debug.xcconfig */;
			buildSettings = {
				ASSETCATALOG_COMPILER_APPICON_NAME = AppIcon;
				CODE_SIGN_STYLE = Automatic;
				DEVELOPMENT_TEAM = 88356WAKJ6;
				INFOPLIST_FILE = "BeerProject🍺/Info.plist";
				IPHONEOS_DEPLOYMENT_TARGET = 11.0;
				LD_RUNPATH_SEARCH_PATHS = (
					"$(inherited)",
					"@executable_path/Frameworks",
				);
				PRODUCT_BUNDLE_IDENTIFIER = "-.BeerProject--";
				PRODUCT_NAME = "$(TARGET_NAME)";
				SWIFT_VERSION = 4.2;
				TARGETED_DEVICE_FAMILY = "1,2";
			};
			name = Debug;
		};
		996C683722DEF4EE00DBF99E /* Release */ = {
			isa = XCBuildConfiguration;
			baseConfigurationReference = 9675E63744DA2089E95862A8 /* Pods-BeerProject🍺.release.xcconfig */;
			buildSettings = {
				ASSETCATALOG_COMPILER_APPICON_NAME = AppIcon;
				CODE_SIGN_STYLE = Automatic;
				DEVELOPMENT_TEAM = 88356WAKJ6;
				INFOPLIST_FILE = "BeerProject🍺/Info.plist";
				IPHONEOS_DEPLOYMENT_TARGET = 11.0;
				LD_RUNPATH_SEARCH_PATHS = (
					"$(inherited)",
					"@executable_path/Frameworks",
				);
				PRODUCT_BUNDLE_IDENTIFIER = "-.BeerProject--";
				PRODUCT_NAME = "$(TARGET_NAME)";
				SWIFT_VERSION = 4.2;
				TARGETED_DEVICE_FAMILY = "1,2";
			};
			name = Release;
		};
		996C683922DEF4EE00DBF99E /* Debug */ = {
			isa = XCBuildConfiguration;
			baseConfigurationReference = 693D0ABCC126025DE6B1A6DF /* Pods-BeerProject🍺Tests.debug.xcconfig */;
			buildSettings = {
				ALWAYS_EMBED_SWIFT_STANDARD_LIBRARIES = YES;
				BUNDLE_LOADER = "$(TEST_HOST)";
				CODE_SIGN_STYLE = Automatic;
				DEVELOPMENT_TEAM = 88356WAKJ6;
				INFOPLIST_FILE = "BeerProject🍺Tests/Info.plist";
				LD_RUNPATH_SEARCH_PATHS = (
					"$(inherited)",
					"@executable_path/Frameworks",
					"@loader_path/Frameworks",
				);
				PRODUCT_BUNDLE_IDENTIFIER = "-.BeerProject--Tests";
				PRODUCT_NAME = "$(TARGET_NAME)";
				SWIFT_VERSION = 4.2;
				TARGETED_DEVICE_FAMILY = "1,2";
				TEST_HOST = "$(BUILT_PRODUCTS_DIR)/BeerProject🍺.app/BeerProject🍺";
			};
			name = Debug;
		};
		996C683A22DEF4EE00DBF99E /* Release */ = {
			isa = XCBuildConfiguration;
			baseConfigurationReference = B5E2643D6B004F51933EE6BF /* Pods-BeerProject🍺Tests.release.xcconfig */;
			buildSettings = {
				ALWAYS_EMBED_SWIFT_STANDARD_LIBRARIES = YES;
				BUNDLE_LOADER = "$(TEST_HOST)";
				CODE_SIGN_STYLE = Automatic;
				DEVELOPMENT_TEAM = 88356WAKJ6;
				INFOPLIST_FILE = "BeerProject🍺Tests/Info.plist";
				LD_RUNPATH_SEARCH_PATHS = (
					"$(inherited)",
					"@executable_path/Frameworks",
					"@loader_path/Frameworks",
				);
				PRODUCT_BUNDLE_IDENTIFIER = "-.BeerProject--Tests";
				PRODUCT_NAME = "$(TARGET_NAME)";
				SWIFT_VERSION = 4.2;
				TARGETED_DEVICE_FAMILY = "1,2";
				TEST_HOST = "$(BUILT_PRODUCTS_DIR)/BeerProject🍺.app/BeerProject🍺";
			};
			name = Release;
		};
		996C683C22DEF4EE00DBF99E /* Debug */ = {
			isa = XCBuildConfiguration;
			baseConfigurationReference = 283672AC59BA29C87894911A /* Pods-BeerProject🍺UITests.debug.xcconfig */;
			buildSettings = {
				ALWAYS_EMBED_SWIFT_STANDARD_LIBRARIES = YES;
				CODE_SIGN_STYLE = Automatic;
				DEVELOPMENT_TEAM = 88356WAKJ6;
				INFOPLIST_FILE = "BeerProject🍺UITests/Info.plist";
				LD_RUNPATH_SEARCH_PATHS = (
					"$(inherited)",
					"@executable_path/Frameworks",
					"@loader_path/Frameworks",
				);
				PRODUCT_BUNDLE_IDENTIFIER = "-.BeerProject--UITests";
				PRODUCT_NAME = "$(TARGET_NAME)";
				SWIFT_VERSION = 4.2;
				TARGETED_DEVICE_FAMILY = "1,2";
				TEST_TARGET_NAME = "BeerProject🍺";
			};
			name = Debug;
		};
		996C683D22DEF4EE00DBF99E /* Release */ = {
			isa = XCBuildConfiguration;
			baseConfigurationReference = DEE571DFC499A08604782E7E /* Pods-BeerProject🍺UITests.release.xcconfig */;
			buildSettings = {
				ALWAYS_EMBED_SWIFT_STANDARD_LIBRARIES = YES;
				CODE_SIGN_STYLE = Automatic;
				DEVELOPMENT_TEAM = 88356WAKJ6;
				INFOPLIST_FILE = "BeerProject🍺UITests/Info.plist";
				LD_RUNPATH_SEARCH_PATHS = (
					"$(inherited)",
					"@executable_path/Frameworks",
					"@loader_path/Frameworks",
				);
				PRODUCT_BUNDLE_IDENTIFIER = "-.BeerProject--UITests";
				PRODUCT_NAME = "$(TARGET_NAME)";
				SWIFT_VERSION = 4.2;
				TARGETED_DEVICE_FAMILY = "1,2";
				TEST_TARGET_NAME = "BeerProject🍺";
			};
			name = Release;
		};
/* End XCBuildConfiguration section */

/* Begin XCConfigurationList section */
		996C680822DEF4EC00DBF99E /* Build configuration list for PBXProject "BeerProject🍺" */ = {
			isa = XCConfigurationList;
			buildConfigurations = (
				996C683322DEF4EE00DBF99E /* Debug */,
				996C683422DEF4EE00DBF99E /* Release */,
			);
			defaultConfigurationIsVisible = 0;
			defaultConfigurationName = Release;
		};
		996C683522DEF4EE00DBF99E /* Build configuration list for PBXNativeTarget "BeerProject🍺" */ = {
			isa = XCConfigurationList;
			buildConfigurations = (
				996C683622DEF4EE00DBF99E /* Debug */,
				996C683722DEF4EE00DBF99E /* Release */,
			);
			defaultConfigurationIsVisible = 0;
			defaultConfigurationName = Release;
		};
		996C683822DEF4EE00DBF99E /* Build configuration list for PBXNativeTarget "BeerProject🍺Tests" */ = {
			isa = XCConfigurationList;
			buildConfigurations = (
				996C683922DEF4EE00DBF99E /* Debug */,
				996C683A22DEF4EE00DBF99E /* Release */,
			);
			defaultConfigurationIsVisible = 0;
			defaultConfigurationName = Release;
		};
		996C683B22DEF4EE00DBF99E /* Build configuration list for PBXNativeTarget "BeerProject🍺UITests" */ = {
			isa = XCConfigurationList;
			buildConfigurations = (
				996C683C22DEF4EE00DBF99E /* Debug */,
				996C683D22DEF4EE00DBF99E /* Release */,
			);
			defaultConfigurationIsVisible = 0;
			defaultConfigurationName = Release;
		};
/* End XCConfigurationList section */
	};
	rootObject = 996C680522DEF4EC00DBF99E /* Project object */;
}
